
Microsoft Visual Studio Solution File, Format Version 12.00
# Visual Studio Version 17
VisualStudioVersion = 17.8.34525.116
MinimumVisualStudioVersion = 10.0.40219.1
Project("{FAE04EC0-301F-11D3-BF4B-00C04F79EFBC}") = "SqlTask2WinApp", "SqlTask2WinApp\SqlTask2WinApp.csproj", "{F80A8C41-E15B-4132-95C1-5103A0F7621C}"
EndProject
Global
	GlobalSection(SolutionConfigurationPlatforms) = preSolution
		Debug|Any CPU = Debug|Any CPU
		Release|Any CPU = Release|Any CPU
	EndGlobalSection
	GlobalSection(ProjectConfigurationPlatforms) = postSolution
		{F80A8C41-E15B-4132-95C1-5103A0F7621C}.Debug|Any CPU.ActiveCfg = Debug|Any CPU
		{F80A8C41-E15B-4132-95C1-5103A0F7621C}.Debug|Any CPU.Build.0 = Debug|Any CPU
		{F80A8C41-E15B-4132-95C1-5103A0F7621C}.Release|Any CPU.ActiveCfg = Release|Any CPU
		{F80A8C41-E15B-4132-95C1-5103A0F7621C}.Release|Any CPU.Build.0 = Release|Any CPU
	EndGlobalSection
	GlobalSection(SolutionProperties) = preSolution
		HideSolutionNode = FALSE
	EndGlobalSection
	GlobalSection(ExtensibilityGlobals) = postSolution
		SolutionGuid = {D0EDF66E-1ACF-4667-A129-121B5FAE6FC9}
	EndGlobalSection
EndGlobal
